<?xml version="1.0" encoding="UTF-8" standalone="yes" ?>
<CodeBlocks_project_file>
	<FileVersion major="1" minor="6" />
	<Project>
		<Option title="Project" />
		<Option pch_mode="2" />
		<Option compiler="gcc" />
		<Build>
			<Target title="Debug">
				<Option output="bin/Debug/Project" prefix_auto="1" extension_auto="1" />
				<Option object_output="obj/Debug/" />
				<Option type="1" />
				<Option compiler="gcc" />
				<Compiler>
					<Add option="-g" />
				</Compiler>
				<Linker>
					<Add library="comdlg32" />
				</Linker>
			</Target>
			<Target title="Release">
				<Option output="bin/Release/Project" prefix_auto="1" extension_auto="1" />
				<Option object_output="obj/Release/" />
				<Option type="0" />
				<Option compiler="gcc" />
				<Compiler>
					<Add option="-O2" />
				</Compiler>
				<Linker>
					<Add option="-s" />
				</Linker>
			</Target>
		</Build>
		<Compiler>
			<Add option="-Wall" />
		</Compiler>
		<Linker>
			<Add library="gdi32" />
			<Add library="user32" />
			<Add library="kernel32" />
			<Add library="comctl32" />
		</Linker>
		<Unit filename="BresenhamLine.cpp">
			<Option target="&lt;{~None~}&gt;" />
		</Unit>
		<Unit filename="Circle Algorithms/AdvancedMidpointCircle.cpp">
			<Option target="&lt;{~None~}&gt;" />
		</Unit>
		<Unit filename="Circle Algorithms/Circle.cpp">
			<Option target="&lt;{~None~}&gt;" />
		</Unit>
		<Unit filename="Circle Algorithms/Circle.h">
			<Option target="&lt;{~None~}&gt;" />
		</Unit>
		<Unit filename="Circle Algorithms/FillingCircleWithCircles.cpp">
			<Option target="&lt;{~None~}&gt;" />
		</Unit>
		<Unit filename="Circle Algorithms/FillingCircleWithLines.cpp">
			<Option target="&lt;{~None~}&gt;" />
		</Unit>
		<Unit filename="Circle Algorithms/IterativePolarCircle.cpp">
			<Option target="&lt;{~None~}&gt;" />
		</Unit>
		<Unit filename="Circle Algorithms/MidpointCircle.cpp">
			<Option target="&lt;{~None~}&gt;" />
		</Unit>
		<Unit filename="Clipping/Circle/CircleClippingLine.cpp">
			<Option target="&lt;{~None~}&gt;" />
		</Unit>
		<Unit filename="Clipping/Circle/CircleClippingPoint.cpp">
			<Option target="&lt;{~None~}&gt;" />
		</Unit>
		<Unit filename="Clipping/Rectangle/RectangleClippingLine.cpp">
			<Option target="&lt;{~None~}&gt;" />
		</Unit>
		<Unit filename="Clipping/Rectangle/RectangleClippingPoint.cpp">
			<Option target="&lt;{~None~}&gt;" />
		</Unit>
		<Unit filename="Clipping/Rectangle/RectangleClippingPolygon.cpp">
			<Option target="&lt;{~None~}&gt;" />
		</Unit>
		<Unit filename="Clipping/Square/SquareClippingLine.cpp">
			<Option target="&lt;{~None~}&gt;" />
		</Unit>
		<Unit filename="Clipping/Square/SquareClippingPoint.cpp">
			<Option target="&lt;{~None~}&gt;" />
		</Unit>
		<Unit filename="Curves/CardinalSpline.cpp">
			<Option target="&lt;{~None~}&gt;" />
		</Unit>
		<Unit filename="Curves/CardinalSpline.h">
			<Option target="&lt;{~None~}&gt;" />
		</Unit>
		<Unit filename="Curves/FillingRectangleWithBezier.cpp">
			<Option target="&lt;{~None~}&gt;" />
		</Unit>
		<Unit filename="Curves/FillingRectangleWithBezier.h">
			<Option target="&lt;{~None~}&gt;" />
		</Unit>
		<Unit filename="Curves/FillingSquareWithHermite.cpp">
			<Option target="&lt;{~None~}&gt;" />
		</Unit>
		<Unit filename="Curves/FillingSquareWithHermite.h">
			<Option target="&lt;{~None~}&gt;" />
		</Unit>
		<Unit filename="DDALine.cpp">
			<Option target="&lt;{~None~}&gt;" />
		</Unit>
		<Unit filename="Ellipse Algorithms/DirectEllipse.cpp">
			<Option target="&lt;{~None~}&gt;" />
		</Unit>
		<Unit filename="Ellipse Algorithms/Ellipse.cpp">
			<Option target="&lt;{~None~}&gt;" />
		</Unit>
		<Unit filename="Ellipse Algorithms/Ellipse.h">
			<Option target="&lt;{~None~}&gt;" />
		</Unit>
		<Unit filename="Ellipse Algorithms/MidpointEllipse.cpp">
			<Option target="&lt;{~None~}&gt;" />
		</Unit>
		<Unit filename="Ellipse Algorithms/PolarEllipse.cpp">
			<Option target="&lt;{~None~}&gt;" />
		</Unit>
		<Unit filename="Filling Algorithms/ConvexFilling.cpp">
			<Option target="&lt;{~None~}&gt;" />
		</Unit>
		<Unit filename="Filling Algorithms/ConvexFillingAlgo.cpp">
			<Option target="&lt;{~None~}&gt;" />
		</Unit>
		<Unit filename="Filling Algorithms/ConvexFillingAlgo.h">
			<Option target="&lt;{~None~}&gt;" />
		</Unit>
		<Unit filename="Filling Algorithms/FloodFilling.cpp">
			<Option target="&lt;{~None~}&gt;" />
		</Unit>
		<Unit filename="Filling Algorithms/FloodFilling.h" />
		<Unit filename="Filling Algorithms/NonConvexFilling.cpp">
			<Option target="&lt;{~None~}&gt;" />
		</Unit>
		<Unit filename="Filling Algorithms/NonRecursiveFloodFilling.cpp">
			<Option target="&lt;{~None~}&gt;" />
		</Unit>
		<Unit filename="Filling Algorithms/RecursiveFloodFilling.cpp">
			<Option target="&lt;{~None~}&gt;" />
		</Unit>
		<Unit filename="Line.cpp">
			<Option target="&lt;{~None~}&gt;" />
		</Unit>
		<Unit filename="Line.h">
			<Option target="&lt;{~None~}&gt;" />
		</Unit>
		<Unit filename="ParametricLine.cpp">
			<Option target="&lt;{~None~}&gt;" />
		</Unit>
		<Unit filename="Shape.h">
			<Option target="&lt;{~None~}&gt;" />
		</Unit>
		<Unit filename="Transformation.cpp">
			<Option target="&lt;{~None~}&gt;" />
		</Unit>
		<Unit filename="main.cpp" />
		<Extensions />
	</Project>
</CodeBlocks_project_file>
